
Microsoft Visual Studio Solution File, Format Version 12.00
# Visual Studio 15
VisualStudioVersion = 15.0.28307.645
MinimumVisualStudioVersion = 10.0.40219.1
Project("{9A19103F-16F7-4668-BE54-9A1E7A4F7556}") = "WebAPI", "WebAPI\WebAPI.csproj", "{CCFFA4B1-9CA9-4443-B813-E59FCC707C56}"
EndProject
Project("{2150E333-8FDC-42A3-9474-1A3956D46DE8}") = "Datalayer", "Datalayer", "{8BDAB3D9-A7A2-4ED6-9EF7-27AA9A3582D4}"
EndProject
Project("{FAE04EC0-301F-11D3-BF4B-00C04F79EFBC}") = "Models", "Models\Models.csproj", "{F3D448DB-8642-48C6-89A9-0CF999F8FCF3}"
EndProject
Global
	GlobalSection(SolutionConfigurationPlatforms) = preSolution
		Debug|Any CPU = Debug|Any CPU
		Release|Any CPU = Release|Any CPU
	EndGlobalSection
	GlobalSection(ProjectConfigurationPlatforms) = postSolution
		{CCFFA4B1-9CA9-4443-B813-E59FCC707C56}.Debug|Any CPU.ActiveCfg = Debug|Any CPU
		{CCFFA4B1-9CA9-4443-B813-E59FCC707C56}.Debug|Any CPU.Build.0 = Debug|Any CPU
		{CCFFA4B1-9CA9-4443-B813-E59FCC707C56}.Release|Any CPU.ActiveCfg = Release|Any CPU
		{CCFFA4B1-9CA9-4443-B813-E59FCC707C56}.Release|Any CPU.Build.0 = Release|Any CPU
		{F3D448DB-8642-48C6-89A9-0CF999F8FCF3}.Debug|Any CPU.ActiveCfg = Debug|Any CPU
		{F3D448DB-8642-48C6-89A9-0CF999F8FCF3}.Debug|Any CPU.Build.0 = Debug|Any CPU
		{F3D448DB-8642-48C6-89A9-0CF999F8FCF3}.Release|Any CPU.ActiveCfg = Release|Any CPU
		{F3D448DB-8642-48C6-89A9-0CF999F8FCF3}.Release|Any CPU.Build.0 = Release|Any CPU
	EndGlobalSection
	GlobalSection(SolutionProperties) = preSolution
		HideSolutionNode = FALSE
	EndGlobalSection
	GlobalSection(NestedProjects) = preSolution
		{F3D448DB-8642-48C6-89A9-0CF999F8FCF3} = {8BDAB3D9-A7A2-4ED6-9EF7-27AA9A3582D4}
	EndGlobalSection
	GlobalSection(ExtensibilityGlobals) = postSolution
		SolutionGuid = {BBDBCEDF-44FB-4F16-A7EB-D7BE9E46DD4A}
	EndGlobalSection
EndGlobal
